GEM
  remote: https://rubygems.org/
  specs:
    ast (2.4.3)
    base64 (0.3.0)
    diff-lcs (1.6.2)
    faraday (2.14.0)
      faraday-net_http (>= 2.0, < 3.5)
      json
      logger
    faraday-net_http (3.4.2)
      net-http (~> 0.5)
    json (2.18.0)
    jwt (2.10.2)
      base64
    language_server-protocol (3.17.0.5)
    lint_roller (1.1.0)
    logger (1.7.0)
    net-http (0.9.1)
      uri (>= 0.11.1)
    parallel (1.27.0)
    parser (3.3.10.1)
      ast (~> 2.4.1)
      racc
    pastel (0.8.0)
      tty-color (~> 0.5)
    prism (1.8.0)
    racc (1.8.1)
    rainbow (3.1.1)
    regexp_parser (2.11.3)
    rspec (3.13.2)
      rspec-core (~> 3.13.0)
      rspec-expectations (~> 3.13.0)
      rspec-mocks (~> 3.13.0)
    rspec-core (3.13.6)
      rspec-support (~> 3.13.0)
    rspec-expectations (3.13.5)
      diff-lcs (>= 1.2.0, < 2.0)
      rspec-support (~> 3.13.0)
    rspec-mocks (3.13.7)
      diff-lcs (>= 1.2.0, < 2.0)
      rspec-support (~> 3.13.0)
    rspec-support (3.13.6)
    rubocop (1.82.1)
      json (~> 2.3)
      language_server-protocol (~> 3.17.0.2)
      lint_roller (~> 1.1.0)
      parallel (~> 1.10)
      parser (>= 3.3.0.2)
      rainbow (>= 2.2.2, < 4.0)
      regexp_parser (>= 2.9.3, < 3.0)
      rubocop-ast (>= 1.48.0, < 2.0)
      ruby-progressbar (~> 1.7)
      unicode-display_width (>= 2.4.0, < 4.0)
    rubocop-ast (1.49.0)
      parser (>= 3.3.7.2)
      prism (~> 1.7)
    rubocop-rspec (3.9.0)
      lint_roller (~> 1.1)
      rubocop (~> 1.81)
    ruby-progressbar (1.13.0)
    strings (0.2.1)
      strings-ansi (~> 0.2)
      unicode-display_width (>= 1.5, < 3.0)
      unicode_utils (~> 1.4)
    strings-ansi (0.2.0)
    tty-box (0.7.0)
      pastel (~> 0.8)
      strings (~> 0.2.0)
      tty-cursor (~> 0.7)
    tty-color (0.6.0)
    tty-command (0.10.1)
      pastel (~> 0.8)
    tty-config (0.6.0)
    tty-cursor (0.7.1)
    tty-logger (0.6.0)
      pastel (~> 0.8)
    tty-prompt (0.23.1)
      pastel (~> 0.8)
      tty-reader (~> 0.8)
    tty-reader (0.9.0)
      tty-cursor (~> 0.7)
      tty-screen (~> 0.8)
      wisper (~> 2.0)
    tty-screen (0.8.2)
    tty-spinner (0.9.3)
      tty-cursor (~> 0.7)
    tty-table (0.12.0)
      pastel (~> 0.8)
      strings (~> 0.2.0)
      tty-screen (~> 0.8)
    unicode-display_width (2.6.0)
    unicode_utils (1.4.0)
    uri (1.1.1)
    wisper (2.0.1)

PLATFORMS
  arm64-darwin-25
  ruby

DEPENDENCIES
  faraday (~> 2.0)
  jwt (~> 2.7)
  pastel (~> 0.8)
  rspec (~> 3.12)
  rubocop (~> 1.50)
  rubocop-rspec (~> 3.0)
  tty-box (~> 0.7)
  tty-command (~> 0.10)
  tty-config (~> 0.6)
  tty-logger (~> 0.6)
  tty-prompt (~> 0.23)
  tty-spinner (~> 0.9)
  tty-table (~> 0.12)

CHECKSUMS
  ast (2.4.3) sha256=954615157c1d6a382bc27d690d973195e79db7f55e9765ac7c481c60bdb4d383
  base64 (0.3.0) sha256=27337aeabad6ffae05c265c450490628ef3ebd4b67be58257393227588f5a97b
  diff-lcs (1.6.2) sha256=9ae0d2cba7d4df3075fe8cd8602a8604993efc0dfa934cff568969efb1909962
  faraday (2.14.0) sha256=8699cfe5d97e55268f2596f9a9d5a43736808a943714e3d9a53e6110593941cd
  faraday-net_http (3.4.2) sha256=f147758260d3526939bf57ecf911682f94926a3666502e24c69992765875906c
  json (2.18.0) sha256=b10506aee4183f5cf49e0efc48073d7b75843ce3782c68dbeb763351c08fd505
  jwt (2.10.2) sha256=31e1ee46f7359883d5e622446969fe9c118c3da87a0b1dca765ce269c3a0c4f4
  language_server-protocol (3.17.0.5) sha256=fd1e39a51a28bf3eec959379985a72e296e9f9acfce46f6a79d31ca8760803cc
  lint_roller (1.1.0) sha256=2c0c845b632a7d172cb849cc90c1bce937a28c5c8ccccb50dfd46a485003cc87
  logger (1.7.0) sha256=196edec7cc44b66cfb40f9755ce11b392f21f7967696af15d274dde7edff0203
  net-http (0.9.1) sha256=25ba0b67c63e89df626ed8fac771d0ad24ad151a858af2cc8e6a716ca4336996
  parallel (1.27.0) sha256=4ac151e1806b755fb4e2dc2332cbf0e54f2e24ba821ff2d3dcf86bf6dc4ae130
  parser (3.3.10.1) sha256=06f6a725d2cd91e5e7f2b7c32ba143631e1f7c8ae2fb918fc4cebec187e6a688
  pastel (0.8.0) sha256=481da9fb7d2f6e6b1a08faf11fa10363172dc40fd47848f096ae21209f805a75
  prism (1.8.0) sha256=84453a16ef5530ea62c5f03ec16b52a459575ad4e7b9c2b360fd8ce2c39c1254
  racc (1.8.1) sha256=4a7f6929691dbec8b5209a0b373bc2614882b55fc5d2e447a21aaa691303d62f
  rainbow (3.1.1) sha256=039491aa3a89f42efa1d6dec2fc4e62ede96eb6acd95e52f1ad581182b79bc6a
  regexp_parser (2.11.3) sha256=ca13f381a173b7a93450e53459075c9b76a10433caadcb2f1180f2c741fc55a4
  rspec (3.13.2) sha256=206284a08ad798e61f86d7ca3e376718d52c0bc944626b2349266f239f820587
  rspec-core (3.13.6) sha256=a8823c6411667b60a8bca135364351dda34cd55e44ff94c4be4633b37d828b2d
  rspec-expectations (3.13.5) sha256=33a4d3a1d95060aea4c94e9f237030a8f9eae5615e9bd85718fe3a09e4b58836
  rspec-mocks (3.13.7) sha256=0979034e64b1d7a838aaaddf12bf065ea4dc40ef3d4c39f01f93ae2c66c62b1c
  rspec-support (3.13.6) sha256=2e8de3702427eab064c9352fe74488cc12a1bfae887ad8b91cba480ec9f8afb2
  rubocop (1.82.1) sha256=09f1a6a654a960eda767aebea33e47603080f8e9c9a3f019bf9b94c9cab5e273
  rubocop-ast (1.49.0) sha256=49c3676d3123a0923d333e20c6c2dbaaae2d2287b475273fddee0c61da9f71fd
  rubocop-rspec (3.9.0) sha256=8fa70a3619408237d789aeecfb9beef40576acc855173e60939d63332fdb55e2
  ruby-progressbar (1.13.0) sha256=80fc9c47a9b640d6834e0dc7b3c94c9df37f08cb072b7761e4a71e22cff29b33
  strings (0.2.1) sha256=933293b3c95cf85b81eb44b3cf673e3087661ba739bbadfeadf442083158d6fb
  strings-ansi (0.2.0) sha256=90262d760ea4a94cc2ae8d58205277a343409c288cbe7c29416b1826bd511c88
  tty-box (0.7.0) sha256=17f453a0c1df43871fdb6de461ee797b78574dacc652372fa2ae98a00785df8b
  tty-color (0.6.0) sha256=6f9c37ca3a4e2367fb2e6d09722762647d6f455c111f05b59f35730eeb24332a
  tty-command (0.10.1) sha256=0c6c471fcb932d55518734eb4e2e07e9efdd2918713cc39bb7393ba862471192
  tty-config (0.6.0) sha256=5f9aa9f3cde942578908336c2d27ceb38a1df0559d0e3438fc68a8f2360c03d0
  tty-cursor (0.7.1) sha256=79534185e6a777888d88628b14b6a1fdf5154a603f285f80b1753e1908e0bf48
  tty-logger (0.6.0) sha256=9352d0e3ebc4f9d59b63135806e38c0d6012adc04c907dde96db33daa64e50eb
  tty-prompt (0.23.1) sha256=fcdbce905238993f27eecfdf67597a636bc839d92192f6a0eef22b8166449ec8
  tty-reader (0.9.0) sha256=c62972c985c0b1566f0e56743b6a7882f979d3dc32ff491ed490a076f899c2b1
  tty-screen (0.8.2) sha256=c090652115beae764336c28802d633f204fb84da93c6a968aa5d8e319e819b50
  tty-spinner (0.9.3) sha256=0e036f047b4ffb61f2aa45f5a770ec00b4d04130531558a94bfc5b192b570542
  tty-table (0.12.0) sha256=fdc27a4750835c1a16efe19a0b857e3ced3652cc7aceafe6dca94908965b9939
  unicode-display_width (2.6.0) sha256=12279874bba6d5e4d2728cef814b19197dbb10d7a7837a869bab65da943b7f5a
  unicode_utils (1.4.0) sha256=b922d0cf2313b6b7136ada6645ce7154ffc86418ca07d53b058efe9eb72f2a40
  uri (1.1.1) sha256=379fa58d27ffb1387eaada68c749d1426738bd0f654d812fcc07e7568f5c57c6
  wisper (2.0.1) sha256=ce17bc5c3a166f241a2e6613848b025c8146fce2defba505920c1d1f3f88fae6

RUBY VERSION
  ruby 4.0.1

BUNDLED WITH
  4.0.4
